
Microsoft Visual Studio Solution File, Format Version 12.00
# Visual Studio Version 17
VisualStudioVersion = 17.0.32014.148
MinimumVisualStudioVersion = 10.0.40219.1
Project("{FAE04EC0-301F-11D3-BF4B-00C04F79EFBC}") = "console örnek5", "console örnek5.csproj", "{7138878A-0888-482B-BC1B-90A3C21EC79A}"
EndProject
Global
	GlobalSection(SolutionConfigurationPlatforms) = preSolution
		Debug|Any CPU = Debug|Any CPU
		Release|Any CPU = Release|Any CPU
	EndGlobalSection
	GlobalSection(ProjectConfigurationPlatforms) = postSolution
		{7138878A-0888-482B-BC1B-90A3C21EC79A}.Debug|Any CPU.ActiveCfg = Debug|Any CPU
		{7138878A-0888-482B-BC1B-90A3C21EC79A}.Debug|Any CPU.Build.0 = Debug|Any CPU
		{7138878A-0888-482B-BC1B-90A3C21EC79A}.Release|Any CPU.ActiveCfg = Release|Any CPU
		{7138878A-0888-482B-BC1B-90A3C21EC79A}.Release|Any CPU.Build.0 = Release|Any CPU
	EndGlobalSection
	GlobalSection(SolutionProperties) = preSolution
		HideSolutionNode = FALSE
	EndGlobalSection
	GlobalSection(ExtensibilityGlobals) = postSolution
		SolutionGuid = {0A1A1638-7E70-4F68-9385-7C2E6CAC8F03}
	EndGlobalSection
EndGlobal
